
Microsoft Visual Studio Solution File, Format Version 12.00
# Visual Studio Version 17
VisualStudioVersion = 17.6.33829.357
MinimumVisualStudioVersion = 10.0.40219.1
Project("{FAE04EC0-301F-11D3-BF4B-00C04F79EFBC}") = "RTU", "RTU.csproj", "{003A23E9-3D24-4A5D-B06C-91EDDC42FF52}"
EndProject
Global
	GlobalSection(SolutionConfigurationPlatforms) = preSolution
		Debug|Any CPU = Debug|Any CPU
		Release|Any CPU = Release|Any CPU
	EndGlobalSection
	GlobalSection(ProjectConfigurationPlatforms) = postSolution
		{003A23E9-3D24-4A5D-B06C-91EDDC42FF52}.Debug|Any CPU.ActiveCfg = Debug|Any CPU
		{003A23E9-3D24-4A5D-B06C-91EDDC42FF52}.Debug|Any CPU.Build.0 = Debug|Any CPU
		{003A23E9-3D24-4A5D-B06C-91EDDC42FF52}.Release|Any CPU.ActiveCfg = Release|Any CPU
		{003A23E9-3D24-4A5D-B06C-91EDDC42FF52}.Release|Any CPU.Build.0 = Release|Any CPU
	EndGlobalSection
	GlobalSection(SolutionProperties) = preSolution
		HideSolutionNode = FALSE
	EndGlobalSection
	GlobalSection(ExtensibilityGlobals) = postSolution
		SolutionGuid = {D10BEF09-597C-4A7C-B8B2-6A0BAE6C2549}
	EndGlobalSection
EndGlobal
